
Microsoft Visual Studio Solution File, Format Version 12.00
# Visual Studio 15
VisualStudioVersion = 15.0.27004.2006
MinimumVisualStudioVersion = 10.0.40219.1
Project("{FAE04EC0-301F-11D3-BF4B-00C04F79EFBC}") = "XamarinFormCommand.Android", "XamarinFormCommand\XamarinFormCommand.Android\XamarinFormCommand.Android.csproj", "{C73FD6A1-EE74-4CBF-8F5E-48E8D8D5ACA9}"
EndProject
Project("{FAE04EC0-301F-11D3-BF4B-00C04F79EFBC}") = "XamarinFormCommand", "XamarinFormCommand\XamarinFormCommand\XamarinFormCommand.csproj", "{043D4470-BA27-4F06-8C45-45038C8E3142}"
EndProject
Project("{FAE04EC0-301F-11D3-BF4B-00C04F79EFBC}") = "XamarinFormCommand.UWP", "XamarinFormCommand\XamarinFormCommand.UWP\XamarinFormCommand.UWP.csproj", "{68244055-132F-47EC-BA61-3A5A41CBEFD7}"
EndProject
Project("{FAE04EC0-301F-11D3-BF4B-00C04F79EFBC}") = "XamarinFormCommand.iOS", "XamarinFormCommand\XamarinFormCommand.iOS\XamarinFormCommand.iOS.csproj", "{DF2C8210-60CC-4B34-83FF-819131E2486A}"
EndProject
Global
	GlobalSection(SolutionConfigurationPlatforms) = preSolution
		Ad-Hoc|Any CPU = Ad-Hoc|Any CPU
		Ad-Hoc|ARM = Ad-Hoc|ARM
		Ad-Hoc|iPhone = Ad-Hoc|iPhone
		Ad-Hoc|iPhoneSimulator = Ad-Hoc|iPhoneSimulator
		Ad-Hoc|x64 = Ad-Hoc|x64
		Ad-Hoc|x86 = Ad-Hoc|x86
		AppStore|Any CPU = AppStore|Any CPU
		AppStore|ARM = AppStore|ARM
		AppStore|iPhone = AppStore|iPhone
		AppStore|iPhoneSimulator = AppStore|iPhoneSimulator
		AppStore|x64 = AppStore|x64
		AppStore|x86 = AppStore|x86
		Debug|Any CPU = Debug|Any CPU
		Debug|ARM = Debug|ARM
		Debug|iPhone = Debug|iPhone
		Debug|iPhoneSimulator = Debug|iPhoneSimulator
		Debug|x64 = Debug|x64
		Debug|x86 = Debug|x86
		Release|Any CPU = Release|Any CPU
		Release|ARM = Release|ARM
		Release|iPhone = Release|iPhone
		Release|iPhoneSimulator = Release|iPhoneSimulator
		Release|x64 = Release|x64
		Release|x86 = Release|x86
	EndGlobalSection
	GlobalSection(ProjectConfigurationPlatforms) = postSolution
		{C73FD6A1-EE74-4CBF-8F5E-48E8D8D5ACA9}.Ad-Hoc|Any CPU.ActiveCfg = Release|Any CPU
		{C73FD6A1-EE74-4CBF-8F5E-48E8D8D5ACA9}.Ad-Hoc|Any CPU.Build.0 = Release|Any CPU
		{C73FD6A1-EE74-4CBF-8F5E-48E8D8D5ACA9}.Ad-Hoc|Any CPU.Deploy.0 = Release|Any CPU
		{C73FD6A1-EE74-4CBF-8F5E-48E8D8D5ACA9}.Ad-Hoc|ARM.ActiveCfg = Release|Any CPU
		{C73FD6A1-EE74-4CBF-8F5E-48E8D8D5ACA9}.Ad-Hoc|ARM.Build.0 = Release|Any CPU
		{C73FD6A1-EE74-4CBF-8F5E-48E8D8D5ACA9}.Ad-Hoc|ARM.Deploy.0 = Release|Any CPU
		{C73FD6A1-EE74-4CBF-8F5E-48E8D8D5ACA9}.Ad-Hoc|iPhone.ActiveCfg = Release|Any CPU
		{C73FD6A1-EE74-4CBF-8F5E-48E8D8D5ACA9}.Ad-Hoc|iPhone.Build.0 = Release|Any CPU
		{C73FD6A1-EE74-4CBF-8F5E-48E8D8D5ACA9}.Ad-Hoc|iPhone.Deploy.0 = Release|Any CPU
		{C73FD6A1-EE74-4CBF-8F5E-48E8D8D5ACA9}.Ad-Hoc|iPhoneSimulator.ActiveCfg = Release|Any CPU
		{C73FD6A1-EE74-4CBF-8F5E-48E8D8D5ACA9}.Ad-Hoc|iPhoneSimulator.Build.0 = Release|Any CPU
		{C73FD6A1-EE74-4CBF-8F5E-48E8D8D5ACA9}.Ad-Hoc|iPhoneSimulator.Deploy.0 = Release|Any CPU
		{C73FD6A1-EE74-4CBF-8F5E-48E8D8D5ACA9}.Ad-Hoc|x64.ActiveCfg = Release|Any CPU
		{C73FD6A1-EE74-4CBF-8F5E-48E8D8D5ACA9}.Ad-Hoc|x64.Build.0 = Release|Any CPU
		{C73FD6A1-EE74-4CBF-8F5E-48E8D8D5ACA9}.Ad-Hoc|x64.Deploy.0 = Release|Any CPU
		{C73FD6A1-EE74-4CBF-8F5E-48E8D8D5ACA9}.Ad-Hoc|x86.ActiveCfg = Release|Any CPU
		{C73FD6A1-EE74-4CBF-8F5E-48E8D8D5ACA9}.Ad-Hoc|x86.Build.0 = Release|Any CPU
		{C73FD6A1-EE74-4CBF-8F5E-48E8D8D5ACA9}.Ad-Hoc|x86.Deploy.0 = Release|Any CPU
		{C73FD6A1-EE74-4CBF-8F5E-48E8D8D5ACA9}.AppStore|Any CPU.ActiveCfg = Release|Any CPU
		{C73FD6A1-EE74-4CBF-8F5E-48E8D8D5ACA9}.AppStore|Any CPU.Build.0 = Release|Any CPU
		{C73FD6A1-EE74-4CBF-8F5E-48E8D8D5ACA9}.AppStore|Any CPU.Deploy.0 = Release|Any CPU
		{C73FD6A1-EE74-4CBF-8F5E-48E8D8D5ACA9}.AppStore|ARM.ActiveCfg = Release|Any CPU
		{C73FD6A1-EE74-4CBF-8F5E-48E8D8D5ACA9}.AppStore|ARM.Build.0 = Release|Any CPU
		{C73FD6A1-EE74-4CBF-8F5E-48E8D8D5ACA9}.AppStore|ARM.Deploy.0 = Release|Any CPU
		{C73FD6A1-EE74-4CBF-8F5E-48E8D8D5ACA9}.AppStore|iPhone.ActiveCfg = Release|Any CPU
		{C73FD6A1-EE74-4CBF-8F5E-48E8D8D5ACA9}.AppStore|iPhone.Build.0 = Release|Any CPU
		{C73FD6A1-EE74-4CBF-8F5E-48E8D8D5ACA9}.AppStore|iPhone.Deploy.0 = Release|Any CPU
		{C73FD6A1-EE74-4CBF-8F5E-48E8D8D5ACA9}.AppStore|iPhoneSimulator.ActiveCfg = Release|Any CPU
		{C73FD6A1-EE74-4CBF-8F5E-48E8D8D5ACA9}.AppStore|iPhoneSimulator.Build.0 = Release|Any CPU
		{C73FD6A1-EE74-4CBF-8F5E-48E8D8D5ACA9}.AppStore|iPhoneSimulator.Deploy.0 = Release|Any CPU
		{C73FD6A1-EE74-4CBF-8F5E-48E8D8D5ACA9}.AppStore|x64.ActiveCfg = Release|Any CPU
		{C73FD6A1-EE74-4CBF-8F5E-48E8D8D5ACA9}.AppStore|x64.Build.0 = Release|Any CPU
		{C73FD6A1-EE74-4CBF-8F5E-48E8D8D5ACA9}.AppStore|x64.Deploy.0 = Release|Any CPU
		{C73FD6A1-EE74-4CBF-8F5E-48E8D8D5ACA9}.AppStore|x86.ActiveCfg = Release|Any CPU
		{C73FD6A1-EE74-4CBF-8F5E-48E8D8D5ACA9}.AppStore|x86.Build.0 = Release|Any CPU
		{C73FD6A1-EE74-4CBF-8F5E-48E8D8D5ACA9}.AppStore|x86.Deploy.0 = Release|Any CPU
		{C73FD6A1-EE74-4CBF-8F5E-48E8D8D5ACA9}.Debug|Any CPU.ActiveCfg = Debug|Any CPU
		{C73FD6A1-EE74-4CBF-8F5E-48E8D8D5ACA9}.Debug|Any CPU.Build.0 = Debug|Any CPU
		{C73FD6A1-EE74-4CBF-8F5E-48E8D8D5ACA9}.Debug|Any CPU.Deploy.0 = Debug|Any CPU
		{C73FD6A1-EE74-4CBF-8F5E-48E8D8D5ACA9}.Debug|ARM.ActiveCfg = Debug|Any CPU
		{C73FD6A1-EE74-4CBF-8F5E-48E8D8D5ACA9}.Debug|ARM.Build.0 = Debug|Any CPU
		{C73FD6A1-EE74-4CBF-8F5E-48E8D8D5ACA9}.Debug|ARM.Deploy.0 = Debug|Any CPU
		{C73FD6A1-EE74-4CBF-8F5E-48E8D8D5ACA9}.Debug|iPhone.ActiveCfg = Debug|Any CPU
		{C73FD6A1-EE74-4CBF-8F5E-48E8D8D5ACA9}.Debug|iPhone.Build.0 = Debug|Any CPU
		{C73FD6A1-EE74-4CBF-8F5E-48E8D8D5ACA9}.Debug|iPhone.Deploy.0 = Debug|Any CPU
		{C73FD6A1-EE74-4CBF-8F5E-48E8D8D5ACA9}.Debug|iPhoneSimulator.ActiveCfg = Debug|Any CPU
		{C73FD6A1-EE74-4CBF-8F5E-48E8D8D5ACA9}.Debug|iPhoneSimulator.Build.0 = Debug|Any CPU
		{C73FD6A1-EE74-4CBF-8F5E-48E8D8D5ACA9}.Debug|iPhoneSimulator.Deploy.0 = Debug|Any CPU
		{C73FD6A1-EE74-4CBF-8F5E-48E8D8D5ACA9}.Debug|x64.ActiveCfg = Debug|Any CPU
		{C73FD6A1-EE74-4CBF-8F5E-48E8D8D5ACA9}.Debug|x64.Build.0 = Debug|Any CPU
		{C73FD6A1-EE74-4CBF-8F5E-48E8D8D5ACA9}.Debug|x64.Deploy.0 = Debug|Any CPU
		{C73FD6A1-EE74-4CBF-8F5E-48E8D8D5ACA9}.Debug|x86.ActiveCfg = Debug|Any CPU
		{C73FD6A1-EE74-4CBF-8F5E-48E8D8D5ACA9}.Debug|x86.Build.0 = Debug|Any CPU
		{C73FD6A1-EE74-4CBF-8F5E-48E8D8D5ACA9}.Debug|x86.Deploy.0 = Debug|Any CPU
		{C73FD6A1-EE74-4CBF-8F5E-48E8D8D5ACA9}.Release|Any CPU.ActiveCfg = Release|Any CPU
		{C73FD6A1-EE74-4CBF-8F5E-48E8D8D5ACA9}.Release|Any CPU.Build.0 = Release|Any CPU
		{C73FD6A1-EE74-4CBF-8F5E-48E8D8D5ACA9}.Release|Any CPU.Deploy.0 = Release|Any CPU
		{C73FD6A1-EE74-4CBF-8F5E-48E8D8D5ACA9}.Release|ARM.ActiveCfg = Release|Any CPU
		{C73FD6A1-EE74-4CBF-8F5E-48E8D8D5ACA9}.Release|ARM.Build.0 = Release|Any CPU
		{C73FD6A1-EE74-4CBF-8F5E-48E8D8D5ACA9}.Release|ARM.Deploy.0 = Release|Any CPU
		{C73FD6A1-EE74-4CBF-8F5E-48E8D8D5ACA9}.Release|iPhone.ActiveCfg = Release|Any CPU
		{C73FD6A1-EE74-4CBF-8F5E-48E8D8D5ACA9}.Release|iPhone.Build.0 = Release|Any CPU
		{C73FD6A1-EE74-4CBF-8F5E-48E8D8D5ACA9}.Release|iPhone.Deploy.0 = Release|Any CPU
		{C73FD6A1-EE74-4CBF-8F5E-48E8D8D5ACA9}.Release|iPhoneSimulator.ActiveCfg = Release|Any CPU
		{C73FD6A1-EE74-4CBF-8F5E-48E8D8D5ACA9}.Release|iPhoneSimulator.Build.0 = Release|Any CPU
		{C73FD6A1-EE74-4CBF-8F5E-48E8D8D5ACA9}.Release|iPhoneSimulator.Deploy.0 = Release|Any CPU
		{C73FD6A1-EE74-4CBF-8F5E-48E8D8D5ACA9}.Release|x64.ActiveCfg = Release|Any CPU
		{C73FD6A1-EE74-4CBF-8F5E-48E8D8D5ACA9}.Release|x64.Build.0 = Release|Any CPU
		{C73FD6A1-EE74-4CBF-8F5E-48E8D8D5ACA9}.Release|x64.Deploy.0 = Release|Any CPU
		{C73FD6A1-EE74-4CBF-8F5E-48E8D8D5ACA9}.Release|x86.ActiveCfg = Release|Any CPU
		{C73FD6A1-EE74-4CBF-8F5E-48E8D8D5ACA9}.Release|x86.Build.0 = Release|Any CPU
		{C73FD6A1-EE74-4CBF-8F5E-48E8D8D5ACA9}.Release|x86.Deploy.0 = Release|Any CPU
		{043D4470-BA27-4F06-8C45-45038C8E3142}.Ad-Hoc|Any CPU.ActiveCfg = Release|Any CPU
		{043D4470-BA27-4F06-8C45-45038C8E3142}.Ad-Hoc|Any CPU.Build.0 = Release|Any CPU
		{043D4470-BA27-4F06-8C45-45038C8E3142}.Ad-Hoc|ARM.ActiveCfg = Release|Any CPU
		{043D4470-BA27-4F06-8C45-45038C8E3142}.Ad-Hoc|ARM.Build.0 = Release|Any CPU
		{043D4470-BA27-4F06-8C45-45038C8E3142}.Ad-Hoc|iPhone.ActiveCfg = Release|Any CPU
		{043D4470-BA27-4F06-8C45-45038C8E3142}.Ad-Hoc|iPhone.Build.0 = Release|Any CPU
		{043D4470-BA27-4F06-8C45-45038C8E3142}.Ad-Hoc|iPhoneSimulator.ActiveCfg = Release|Any CPU
		{043D4470-BA27-4F06-8C45-45038C8E3142}.Ad-Hoc|iPhoneSimulator.Build.0 = Release|Any CPU
		{043D4470-BA27-4F06-8C45-45038C8E3142}.Ad-Hoc|x64.ActiveCfg = Release|Any CPU
		{043D4470-BA27-4F06-8C45-45038C8E3142}.Ad-Hoc|x64.Build.0 = Release|Any CPU
		{043D4470-BA27-4F06-8C45-45038C8E3142}.Ad-Hoc|x86.ActiveCfg = Release|Any CPU
		{043D4470-BA27-4F06-8C45-45038C8E3142}.Ad-Hoc|x86.Build.0 = Release|Any CPU
		{043D4470-BA27-4F06-8C45-45038C8E3142}.AppStore|Any CPU.ActiveCfg = Release|Any CPU
		{043D4470-BA27-4F06-8C45-45038C8E3142}.AppStore|Any CPU.Build.0 = Release|Any CPU
		{043D4470-BA27-4F06-8C45-45038C8E3142}.AppStore|ARM.ActiveCfg = Release|Any CPU
		{043D4470-BA27-4F06-8C45-45038C8E3142}.AppStore|ARM.Build.0 = Release|Any CPU
		{043D4470-BA27-4F06-8C45-45038C8E3142}.AppStore|iPhone.ActiveCfg = Release|Any CPU
		{043D4470-BA27-4F06-8C45-45038C8E3142}.AppStore|iPhone.Build.0 = Release|Any CPU
		{043D4470-BA27-4F06-8C45-45038C8E3142}.AppStore|iPhoneSimulator.ActiveCfg = Release|Any CPU
		{043D4470-BA27-4F06-8C45-45038C8E3142}.AppStore|iPhoneSimulator.Build.0 = Release|Any CPU
		{043D4470-BA27-4F06-8C45-45038C8E3142}.AppStore|x64.ActiveCfg = Release|Any CPU
		{043D4470-BA27-4F06-8C45-45038C8E3142}.AppStore|x64.Build.0 = Release|Any CPU
		{043D4470-BA27-4F06-8C45-45038C8E3142}.AppStore|x86.ActiveCfg = Release|Any CPU
		{043D4470-BA27-4F06-8C45-45038C8E3142}.AppStore|x86.Build.0 = Release|Any CPU
		{043D4470-BA27-4F06-8C45-45038C8E3142}.Debug|Any CPU.ActiveCfg = Debug|Any CPU
		{043D4470-BA27-4F06-8C45-45038C8E3142}.Debug|Any CPU.Build.0 = Debug|Any CPU
		{043D4470-BA27-4F06-8C45-45038C8E3142}.Debug|ARM.ActiveCfg = Debug|Any CPU
		{043D4470-BA27-4F06-8C45-45038C8E3142}.Debug|ARM.Build.0 = Debug|Any CPU
		{043D4470-BA27-4F06-8C45-45038C8E3142}.Debug|iPhone.ActiveCfg = Debug|Any CPU
		{043D4470-BA27-4F06-8C45-45038C8E3142}.Debug|iPhone.Build.0 = Debug|Any CPU
		{043D4470-BA27-4F06-8C45-45038C8E3142}.Debug|iPhoneSimulator.ActiveCfg = Debug|Any CPU
		{043D4470-BA27-4F06-8C45-45038C8E3142}.Debug|iPhoneSimulator.Build.0 = Debug|Any CPU
		{043D4470-BA27-4F06-8C45-45038C8E3142}.Debug|x64.ActiveCfg = Debug|Any CPU
		{043D4470-BA27-4F06-8C45-45038C8E3142}.Debug|x64.Build.0 = Debug|Any CPU
		{043D4470-BA27-4F06-8C45-45038C8E3142}.Debug|x86.ActiveCfg = Debug|Any CPU
		{043D4470-BA27-4F06-8C45-45038C8E3142}.Debug|x86.Build.0 = Debug|Any CPU
		{043D4470-BA27-4F06-8C45-45038C8E3142}.Release|Any CPU.ActiveCfg = Release|Any CPU
		{043D4470-BA27-4F06-8C45-45038C8E3142}.Release|Any CPU.Build.0 = Release|Any CPU
		{043D4470-BA27-4F06-8C45-45038C8E3142}.Release|ARM.ActiveCfg = Release|Any CPU
		{043D4470-BA27-4F06-8C45-45038C8E3142}.Release|ARM.Build.0 = Release|Any CPU
		{043D4470-BA27-4F06-8C45-45038C8E3142}.Release|iPhone.ActiveCfg = Release|Any CPU
		{043D4470-BA27-4F06-8C45-45038C8E3142}.Release|iPhone.Build.0 = Release|Any CPU
		{043D4470-BA27-4F06-8C45-45038C8E3142}.Release|iPhoneSimulator.ActiveCfg = Release|Any CPU
		{043D4470-BA27-4F06-8C45-45038C8E3142}.Release|iPhoneSimulator.Build.0 = Release|Any CPU
		{043D4470-BA27-4F06-8C45-45038C8E3142}.Release|x64.ActiveCfg = Release|Any CPU
		{043D4470-BA27-4F06-8C45-45038C8E3142}.Release|x64.Build.0 = Release|Any CPU
		{043D4470-BA27-4F06-8C45-45038C8E3142}.Release|x86.ActiveCfg = Release|Any CPU
		{043D4470-BA27-4F06-8C45-45038C8E3142}.Release|x86.Build.0 = Release|Any CPU
		{68244055-132F-47EC-BA61-3A5A41CBEFD7}.Ad-Hoc|Any CPU.ActiveCfg = Release|x86
		{68244055-132F-47EC-BA61-3A5A41CBEFD7}.Ad-Hoc|Any CPU.Build.0 = Release|x86
		{68244055-132F-47EC-BA61-3A5A41CBEFD7}.Ad-Hoc|Any CPU.Deploy.0 = Release|x86
		{68244055-132F-47EC-BA61-3A5A41CBEFD7}.Ad-Hoc|ARM.ActiveCfg = Release|ARM
		{68244055-132F-47EC-BA61-3A5A41CBEFD7}.Ad-Hoc|ARM.Build.0 = Release|ARM
		{68244055-132F-47EC-BA61-3A5A41CBEFD7}.Ad-Hoc|ARM.Deploy.0 = Release|ARM
		{68244055-132F-47EC-BA61-3A5A41CBEFD7}.Ad-Hoc|iPhone.ActiveCfg = Release|x86
		{68244055-132F-47EC-BA61-3A5A41CBEFD7}.Ad-Hoc|iPhone.Build.0 = Release|x86
		{68244055-132F-47EC-BA61-3A5A41CBEFD7}.Ad-Hoc|iPhone.Deploy.0 = Release|x86
		{68244055-132F-47EC-BA61-3A5A41CBEFD7}.Ad-Hoc|iPhoneSimulator.ActiveCfg = Release|x86
		{68244055-132F-47EC-BA61-3A5A41CBEFD7}.Ad-Hoc|iPhoneSimulator.Build.0 = Release|x86
		{68244055-132F-47EC-BA61-3A5A41CBEFD7}.Ad-Hoc|iPhoneSimulator.Deploy.0 = Release|x86
		{68244055-132F-47EC-BA61-3A5A41CBEFD7}.Ad-Hoc|x64.ActiveCfg = Release|x64
		{68244055-132F-47EC-BA61-3A5A41CBEFD7}.Ad-Hoc|x64.Build.0 = Release|x64
		{68244055-132F-47EC-BA61-3A5A41CBEFD7}.Ad-Hoc|x64.Deploy.0 = Release|x64
		{68244055-132F-47EC-BA61-3A5A41CBEFD7}.Ad-Hoc|x86.ActiveCfg = Release|x86
		{68244055-132F-47EC-BA61-3A5A41CBEFD7}.Ad-Hoc|x86.Build.0 = Release|x86
		{68244055-132F-47EC-BA61-3A5A41CBEFD7}.Ad-Hoc|x86.Deploy.0 = Release|x86
		{68244055-132F-47EC-BA61-3A5A41CBEFD7}.AppStore|Any CPU.ActiveCfg = Release|x86
		{68244055-132F-47EC-BA61-3A5A41CBEFD7}.AppStore|Any CPU.Build.0 = Release|x86
		{68244055-132F-47EC-BA61-3A5A41CBEFD7}.AppStore|Any CPU.Deploy.0 = Release|x86
		{68244055-132F-47EC-BA61-3A5A41CBEFD7}.AppStore|ARM.ActiveCfg = Release|ARM
		{68244055-132F-47EC-BA61-3A5A41CBEFD7}.AppStore|ARM.Build.0 = Release|ARM
		{68244055-132F-47EC-BA61-3A5A41CBEFD7}.AppStore|ARM.Deploy.0 = Release|ARM
		{68244055-132F-47EC-BA61-3A5A41CBEFD7}.AppStore|iPhone.ActiveCfg = Release|x86
		{68244055-132F-47EC-BA61-3A5A41CBEFD7}.AppStore|iPhone.Build.0 = Release|x86
		{68244055-132F-47EC-BA61-3A5A41CBEFD7}.AppStore|iPhone.Deploy.0 = Release|x86
		{68244055-132F-47EC-BA61-3A5A41CBEFD7}.AppStore|iPhoneSimulator.ActiveCfg = Release|x86
		{68244055-132F-47EC-BA61-3A5A41CBEFD7}.AppStore|iPhoneSimulator.Build.0 = Release|x86
		{68244055-132F-47EC-BA61-3A5A41CBEFD7}.AppStore|iPhoneSimulator.Deploy.0 = Release|x86
		{68244055-132F-47EC-BA61-3A5A41CBEFD7}.AppStore|x64.ActiveCfg = Release|x64
		{68244055-132F-47EC-BA61-3A5A41CBEFD7}.AppStore|x64.Build.0 = Release|x64
		{68244055-132F-47EC-BA61-3A5A41CBEFD7}.AppStore|x64.Deploy.0 = Release|x64
		{68244055-132F-47EC-BA61-3A5A41CBEFD7}.AppStore|x86.ActiveCfg = Release|x86
		{68244055-132F-47EC-BA61-3A5A41CBEFD7}.AppStore|x86.Build.0 = Release|x86
		{68244055-132F-47EC-BA61-3A5A41CBEFD7}.AppStore|x86.Deploy.0 = Release|x86
		{68244055-132F-47EC-BA61-3A5A41CBEFD7}.Debug|Any CPU.ActiveCfg = Debug|x86
		{68244055-132F-47EC-BA61-3A5A41CBEFD7}.Debug|ARM.ActiveCfg = Debug|ARM
		{68244055-132F-47EC-BA61-3A5A41CBEFD7}.Debug|ARM.Build.0 = Debug|ARM
		{68244055-132F-47EC-BA61-3A5A41CBEFD7}.Debug|ARM.Deploy.0 = Debug|ARM
		{68244055-132F-47EC-BA61-3A5A41CBEFD7}.Debug|iPhone.ActiveCfg = Debug|x86
		{68244055-132F-47EC-BA61-3A5A41CBEFD7}.Debug|iPhoneSimulator.ActiveCfg = Debug|x86
		{68244055-132F-47EC-BA61-3A5A41CBEFD7}.Debug|x64.ActiveCfg = Debug|x64
		{68244055-132F-47EC-BA61-3A5A41CBEFD7}.Debug|x64.Build.0 = Debug|x64
		{68244055-132F-47EC-BA61-3A5A41CBEFD7}.Debug|x64.Deploy.0 = Debug|x64
		{68244055-132F-47EC-BA61-3A5A41CBEFD7}.Debug|x86.ActiveCfg = Debug|x86
		{68244055-132F-47EC-BA61-3A5A41CBEFD7}.Debug|x86.Build.0 = Debug|x86
		{68244055-132F-47EC-BA61-3A5A41CBEFD7}.Debug|x86.Deploy.0 = Debug|x86
		{68244055-132F-47EC-BA61-3A5A41CBEFD7}.Release|Any CPU.ActiveCfg = Release|x86
		{68244055-132F-47EC-BA61-3A5A41CBEFD7}.Release|ARM.ActiveCfg = Release|ARM
		{68244055-132F-47EC-BA61-3A5A41CBEFD7}.Release|ARM.Build.0 = Release|ARM
		{68244055-132F-47EC-BA61-3A5A41CBEFD7}.Release|ARM.Deploy.0 = Release|ARM
		{68244055-132F-47EC-BA61-3A5A41CBEFD7}.Release|iPhone.ActiveCfg = Release|x86
		{68244055-132F-47EC-BA61-3A5A41CBEFD7}.Release|iPhoneSimulator.ActiveCfg = Release|x86
		{68244055-132F-47EC-BA61-3A5A41CBEFD7}.Release|x64.ActiveCfg = Release|x64
		{68244055-132F-47EC-BA61-3A5A41CBEFD7}.Release|x64.Build.0 = Release|x64
		{68244055-132F-47EC-BA61-3A5A41CBEFD7}.Release|x64.Deploy.0 = Release|x64
		{68244055-132F-47EC-BA61-3A5A41CBEFD7}.Release|x86.ActiveCfg = Release|x86
		{68244055-132F-47EC-BA61-3A5A41CBEFD7}.Release|x86.Build.0 = Release|x86
		{68244055-132F-47EC-BA61-3A5A41CBEFD7}.Release|x86.Deploy.0 = Release|x86
		{DF2C8210-60CC-4B34-83FF-819131E2486A}.Ad-Hoc|Any CPU.ActiveCfg = Ad-Hoc|iPhoneSimulator
		{DF2C8210-60CC-4B34-83FF-819131E2486A}.Ad-Hoc|ARM.ActiveCfg = Ad-Hoc|iPhone
		{DF2C8210-60CC-4B34-83FF-819131E2486A}.Ad-Hoc|iPhone.ActiveCfg = Ad-Hoc|iPhone
		{DF2C8210-60CC-4B34-83FF-819131E2486A}.Ad-Hoc|iPhone.Build.0 = Ad-Hoc|iPhone
		{DF2C8210-60CC-4B34-83FF-819131E2486A}.Ad-Hoc|iPhoneSimulator.ActiveCfg = Ad-Hoc|iPhoneSimulator
		{DF2C8210-60CC-4B34-83FF-819131E2486A}.Ad-Hoc|iPhoneSimulator.Build.0 = Ad-Hoc|iPhoneSimulator
		{DF2C8210-60CC-4B34-83FF-819131E2486A}.Ad-Hoc|x64.ActiveCfg = Ad-Hoc|iPhone
		{DF2C8210-60CC-4B34-83FF-819131E2486A}.Ad-Hoc|x86.ActiveCfg = Ad-Hoc|iPhone
		{DF2C8210-60CC-4B34-83FF-819131E2486A}.AppStore|Any CPU.ActiveCfg = AppStore|iPhoneSimulator
		{DF2C8210-60CC-4B34-83FF-819131E2486A}.AppStore|ARM.ActiveCfg = AppStore|iPhone
		{DF2C8210-60CC-4B34-83FF-819131E2486A}.AppStore|iPhone.ActiveCfg = AppStore|iPhone
		{DF2C8210-60CC-4B34-83FF-819131E2486A}.AppStore|iPhone.Build.0 = AppStore|iPhone
		{DF2C8210-60CC-4B34-83FF-819131E2486A}.AppStore|iPhoneSimulator.ActiveCfg = AppStore|iPhoneSimulator
		{DF2C8210-60CC-4B34-83FF-819131E2486A}.AppStore|iPhoneSimulator.Build.0 = AppStore|iPhoneSimulator
		{DF2C8210-60CC-4B34-83FF-819131E2486A}.AppStore|x64.ActiveCfg = AppStore|iPhone
		{DF2C8210-60CC-4B34-83FF-819131E2486A}.AppStore|x86.ActiveCfg = AppStore|iPhone
		{DF2C8210-60CC-4B34-83FF-819131E2486A}.Debug|Any CPU.ActiveCfg = Debug|iPhoneSimulator
		{DF2C8210-60CC-4B34-83FF-819131E2486A}.Debug|ARM.ActiveCfg = Debug|iPhone
		{DF2C8210-60CC-4B34-83FF-819131E2486A}.Debug|iPhone.ActiveCfg = Debug|iPhone
		{DF2C8210-60CC-4B34-83FF-819131E2486A}.Debug|iPhone.Build.0 = Debug|iPhone
		{DF2C8210-60CC-4B34-83FF-819131E2486A}.Debug|iPhoneSimulator.ActiveCfg = Debug|iPhoneSimulator
		{DF2C8210-60CC-4B34-83FF-819131E2486A}.Debug|iPhoneSimulator.Build.0 = Debug|iPhoneSimulator
		{DF2C8210-60CC-4B34-83FF-819131E2486A}.Debug|x64.ActiveCfg = Debug|iPhone
		{DF2C8210-60CC-4B34-83FF-819131E2486A}.Debug|x86.ActiveCfg = Debug|iPhone
		{DF2C8210-60CC-4B34-83FF-819131E2486A}.Release|Any CPU.ActiveCfg = Release|iPhoneSimulator
		{DF2C8210-60CC-4B34-83FF-819131E2486A}.Release|ARM.ActiveCfg = Release|iPhone
		{DF2C8210-60CC-4B34-83FF-819131E2486A}.Release|iPhone.ActiveCfg = Release|iPhone
		{DF2C8210-60CC-4B34-83FF-819131E2486A}.Release|iPhone.Build.0 = Release|iPhone
		{DF2C8210-60CC-4B34-83FF-819131E2486A}.Release|iPhoneSimulator.ActiveCfg = Release|iPhoneSimulator
		{DF2C8210-60CC-4B34-83FF-819131E2486A}.Release|iPhoneSimulator.Build.0 = Release|iPhoneSimulator
		{DF2C8210-60CC-4B34-83FF-819131E2486A}.Release|x64.ActiveCfg = Release|iPhone
		{DF2C8210-60CC-4B34-83FF-819131E2486A}.Release|x86.ActiveCfg = Release|iPhone
	EndGlobalSection
	GlobalSection(SolutionProperties) = preSolution
		HideSolutionNode = FALSE
	EndGlobalSection
	GlobalSection(ExtensibilityGlobals) = postSolution
		SolutionGuid = {4A884D9E-04B6-4C11-8F02-F3D7AA41AEB6}
	EndGlobalSection
EndGlobal
